// !$*UTF8*$!
{
	archiveVersion = 1;
	classes = {
	};
	objectVersion = 52;
	objects = {

/* Begin PBXBuildFile section */
		37F92FAB175BD9036D461D0D /* Pods_CoordinatorExample.framework in Frameworks */ = {isa = PBXBuildFile; fileRef = C4A141C4C56D13E78AB467AC /* Pods_CoordinatorExample.framework */; };
		746608FE23326172005B3B49 /* AppDelegate.swift in Sources */ = {isa = PBXBuildFile; fileRef = 746608FD23326172005B3B49 /* AppDelegate.swift */; };
		7466090523326173005B3B49 /* Assets.xcassets in Resources */ = {isa = PBXBuildFile; fileRef = 7466090423326173005B3B49 /* Assets.xcassets */; };
		7466090823326173005B3B49 /* LaunchScreen.storyboard in Resources */ = {isa = PBXBuildFile; fileRef = 7466090623326173005B3B49 /* LaunchScreen.storyboard */; };
		7466091323326173005B3B49 /* CoordinatorExample+Tests.swift in Sources */ = {isa = PBXBuildFile; fileRef = 7466091223326173005B3B49 /* CoordinatorExample+Tests.swift */; };
		7466093D2332624B005B3B49 /* MasterDependenciesFactoryImp.swift in Sources */ = {isa = PBXBuildFile; fileRef = 7466092E2332624B005B3B49 /* MasterDependenciesFactoryImp.swift */; };
		7466093E2332624B005B3B49 /* MasterCoordinatorImp.swift in Sources */ = {isa = PBXBuildFile; fileRef = 7466092F2332624B005B3B49 /* MasterCoordinatorImp.swift */; };
		7466093F2332624B005B3B49 /* MasterCoordinatorable.swift in Sources */ = {isa = PBXBuildFile; fileRef = 746609302332624B005B3B49 /* MasterCoordinatorable.swift */; };
		746609402332624B005B3B49 /* MasterRouting.swift in Sources */ = {isa = PBXBuildFile; fileRef = 746609322332624B005B3B49 /* MasterRouting.swift */; };
		746609422332624B005B3B49 /* DetailViewController.swift in Sources */ = {isa = PBXBuildFile; fileRef = 746609362332624B005B3B49 /* DetailViewController.swift */; };
		746609442332624B005B3B49 /* MasterViewModel.swift in Sources */ = {isa = PBXBuildFile; fileRef = 746609392332624B005B3B49 /* MasterViewModel.swift */; };
		746609452332624B005B3B49 /* MasterViewController.swift in Sources */ = {isa = PBXBuildFile; fileRef = 7466093A2332624B005B3B49 /* MasterViewController.swift */; };
		8864480AFA4FE1E8D28FD935 /* Pods_CoordinatorExampleTests.framework in Frameworks */ = {isa = PBXBuildFile; fileRef = BD9B972CC479A41B04F36E7D /* Pods_CoordinatorExampleTests.framework */; };
		BC43082A28373C5F0020C43D /* DetailViewModel.swift in Sources */ = {isa = PBXBuildFile; fileRef = BC43082928373C5F0020C43D /* DetailViewModel.swift */; };
		BC43083028373E8A0020C43D /* DetailDependenciesFactory.swift in Sources */ = {isa = PBXBuildFile; fileRef = BC43082F28373E8A0020C43D /* DetailDependenciesFactory.swift */; };
		BC43083528373EDE0020C43D /* DetailRouting.swift in Sources */ = {isa = PBXBuildFile; fileRef = BC43083428373EDE0020C43D /* DetailRouting.swift */; };
		BC43083928373FEE0020C43D /* DetailCoordinatorable.swift in Sources */ = {isa = PBXBuildFile; fileRef = BC43083828373FEE0020C43D /* DetailCoordinatorable.swift */; };
		BC43083B2837413A0020C43D /* DetailDependenciesFactoryImp.swift in Sources */ = {isa = PBXBuildFile; fileRef = BC43083A2837413A0020C43D /* DetailDependenciesFactoryImp.swift */; };
		BC43083F283753AB0020C43D /* DetailCoordinatorImp.swift in Sources */ = {isa = PBXBuildFile; fileRef = BC43083E283753AB0020C43D /* DetailCoordinatorImp.swift */; };
		BC596799283B19C5003239E2 /* AppRootCoordinator.swift in Sources */ = {isa = PBXBuildFile; fileRef = BC596798283B19C5003239E2 /* AppRootCoordinator.swift */; };
		BC59679E283B214C003239E2 /* Common in Frameworks */ = {isa = PBXBuildFile; productRef = BC59679D283B214C003239E2 /* Common */; };
		BC5967A1283B70D6003239E2 /* SomeView.swift in Sources */ = {isa = PBXBuildFile; fileRef = BC5967A0283B70D6003239E2 /* SomeView.swift */; };
		BC5967A3283C67D5003239E2 /* SomeViewModel.swift in Sources */ = {isa = PBXBuildFile; fileRef = BC5967A2283C67D5003239E2 /* SomeViewModel.swift */; };
		BCEEE3B8283734A300104AEE /* MasterDependenciesFactory.swift in Sources */ = {isa = PBXBuildFile; fileRef = BCEEE3B7283734A300104AEE /* MasterDependenciesFactory.swift */; };
/* End PBXBuildFile section */

/* Begin PBXContainerItemProxy section */
		7466090F23326173005B3B49 /* PBXContainerItemProxy */ = {
			isa = PBXContainerItemProxy;
			containerPortal = 746608F223326172005B3B49 /* Project object */;
			proxyType = 1;
			remoteGlobalIDString = 746608F923326172005B3B49;
			remoteInfo = CoordinatorExample;
		};
		BC58595D2835C8EE001BFD27 /* PBXContainerItemProxy */ = {
			isa = PBXContainerItemProxy;
			containerPortal = 746608F223326172005B3B49 /* Project object */;
			proxyType = 1;
			remoteGlobalIDString = 746608F923326172005B3B49;
			remoteInfo = CoordinatorExample;
		};
/* End PBXContainerItemProxy section */

/* Begin PBXCopyFilesBuildPhase section */
		BC58596A2835C8EF001BFD27 /* Embed Frameworks */ = {
			isa = PBXCopyFilesBuildPhase;
			buildActionMask = 2147483647;
			dstPath = "";
			dstSubfolderSpec = 10;
			files = (
			);
			name = "Embed Frameworks";
			runOnlyForDeploymentPostprocessing = 0;
		};
/* End PBXCopyFilesBuildPhase section */

/* Begin PBXFileReference section */
		746608FA23326172005B3B49 /* CoordinatorExample.app */ = {isa = PBXFileReference; explicitFileType = wrapper.application; includeInIndex = 0; path = CoordinatorExample.app; sourceTree = BUILT_PRODUCTS_DIR; };
		746608FD23326172005B3B49 /* AppDelegate.swift */ = {isa = PBXFileReference; lastKnownFileType = sourcecode.swift; path = AppDelegate.swift; sourceTree = "<group>"; };
		7466090423326173005B3B49 /* Assets.xcassets */ = {isa = PBXFileReference; lastKnownFileType = folder.assetcatalog; path = Assets.xcassets; sourceTree = "<group>"; };
		7466090723326173005B3B49 /* Base */ = {isa = PBXFileReference; lastKnownFileType = file.storyboard; name = Base; path = Base.lproj/LaunchScreen.storyboard; sourceTree = "<group>"; };
		7466090923326173005B3B49 /* Info.plist */ = {isa = PBXFileReference; lastKnownFileType = text.plist.xml; path = Info.plist; sourceTree = "<group>"; };
		7466090E23326173005B3B49 /* CoordinatorExampleTests.xctest */ = {isa = PBXFileReference; explicitFileType = wrapper.cfbundle; includeInIndex = 0; path = CoordinatorExampleTests.xctest; sourceTree = BUILT_PRODUCTS_DIR; };
		7466091223326173005B3B49 /* CoordinatorExample+Tests.swift */ = {isa = PBXFileReference; lastKnownFileType = sourcecode.swift; path = "CoordinatorExample+Tests.swift"; sourceTree = "<group>"; };
		7466091423326173005B3B49 /* Info.plist */ = {isa = PBXFileReference; lastKnownFileType = text.plist.xml; path = Info.plist; sourceTree = "<group>"; };
		7466092E2332624B005B3B49 /* MasterDependenciesFactoryImp.swift */ = {isa = PBXFileReference; fileEncoding = 4; lastKnownFileType = sourcecode.swift; path = MasterDependenciesFactoryImp.swift; sourceTree = "<group>"; };
		7466092F2332624B005B3B49 /* MasterCoordinatorImp.swift */ = {isa = PBXFileReference; fileEncoding = 4; lastKnownFileType = sourcecode.swift; path = MasterCoordinatorImp.swift; sourceTree = "<group>"; };
		746609302332624B005B3B49 /* MasterCoordinatorable.swift */ = {isa = PBXFileReference; fileEncoding = 4; lastKnownFileType = sourcecode.swift; path = MasterCoordinatorable.swift; sourceTree = "<group>"; };
		746609322332624B005B3B49 /* MasterRouting.swift */ = {isa = PBXFileReference; fileEncoding = 4; lastKnownFileType = sourcecode.swift; path = MasterRouting.swift; sourceTree = "<group>"; };
		746609362332624B005B3B49 /* DetailViewController.swift */ = {isa = PBXFileReference; fileEncoding = 4; lastKnownFileType = sourcecode.swift; path = DetailViewController.swift; sourceTree = "<group>"; };
		746609392332624B005B3B49 /* MasterViewModel.swift */ = {isa = PBXFileReference; fileEncoding = 4; lastKnownFileType = sourcecode.swift; path = MasterViewModel.swift; sourceTree = "<group>"; };
		7466093A2332624B005B3B49 /* MasterViewController.swift */ = {isa = PBXFileReference; fileEncoding = 4; lastKnownFileType = sourcecode.swift; path = MasterViewController.swift; sourceTree = "<group>"; };
		9842C53255EF0E74F21F728F /* Pods-CoordinatorExample.debug.xcconfig */ = {isa = PBXFileReference; includeInIndex = 1; lastKnownFileType = text.xcconfig; name = "Pods-CoordinatorExample.debug.xcconfig"; path = "Target Support Files/Pods-CoordinatorExample/Pods-CoordinatorExample.debug.xcconfig"; sourceTree = "<group>"; };
		BC43082928373C5F0020C43D /* DetailViewModel.swift */ = {isa = PBXFileReference; lastKnownFileType = sourcecode.swift; path = DetailViewModel.swift; sourceTree = "<group>"; };
		BC43082F28373E8A0020C43D /* DetailDependenciesFactory.swift */ = {isa = PBXFileReference; lastKnownFileType = sourcecode.swift; path = DetailDependenciesFactory.swift; sourceTree = "<group>"; };
		BC43083428373EDE0020C43D /* DetailRouting.swift */ = {isa = PBXFileReference; lastKnownFileType = sourcecode.swift; path = DetailRouting.swift; sourceTree = "<group>"; };
		BC43083828373FEE0020C43D /* DetailCoordinatorable.swift */ = {isa = PBXFileReference; lastKnownFileType = sourcecode.swift; path = DetailCoordinatorable.swift; sourceTree = "<group>"; };
		BC43083A2837413A0020C43D /* DetailDependenciesFactoryImp.swift */ = {isa = PBXFileReference; lastKnownFileType = sourcecode.swift; path = DetailDependenciesFactoryImp.swift; sourceTree = "<group>"; };
		BC43083E283753AB0020C43D /* DetailCoordinatorImp.swift */ = {isa = PBXFileReference; lastKnownFileType = sourcecode.swift; path = DetailCoordinatorImp.swift; sourceTree = "<group>"; };
		BC5859592835C8EE001BFD27 /* CommonTests.xctest */ = {isa = PBXFileReference; explicitFileType = wrapper.cfbundle; includeInIndex = 0; path = CommonTests.xctest; sourceTree = BUILT_PRODUCTS_DIR; };
		BC596798283B19C5003239E2 /* AppRootCoordinator.swift */ = {isa = PBXFileReference; lastKnownFileType = sourcecode.swift; path = AppRootCoordinator.swift; sourceTree = "<group>"; };
		BC59679C283B211B003239E2 /* Common */ = {isa = PBXFileReference; lastKnownFileType = text; path = Common; sourceTree = SOURCE_ROOT; };
		BC5967A0283B70D6003239E2 /* SomeView.swift */ = {isa = PBXFileReference; lastKnownFileType = sourcecode.swift; path = SomeView.swift; sourceTree = "<group>"; };
		BC5967A2283C67D5003239E2 /* SomeViewModel.swift */ = {isa = PBXFileReference; lastKnownFileType = sourcecode.swift; path = SomeViewModel.swift; sourceTree = "<group>"; };
		BCEEE3B7283734A300104AEE /* MasterDependenciesFactory.swift */ = {isa = PBXFileReference; fileEncoding = 4; lastKnownFileType = sourcecode.swift; path = MasterDependenciesFactory.swift; sourceTree = "<group>"; };
		BD9B972CC479A41B04F36E7D /* Pods_CoordinatorExampleTests.framework */ = {isa = PBXFileReference; explicitFileType = wrapper.framework; includeInIndex = 0; path = Pods_CoordinatorExampleTests.framework; sourceTree = BUILT_PRODUCTS_DIR; };
		C4A141C4C56D13E78AB467AC /* Pods_CoordinatorExample.framework */ = {isa = PBXFileReference; explicitFileType = wrapper.framework; includeInIndex = 0; path = Pods_CoordinatorExample.framework; sourceTree = BUILT_PRODUCTS_DIR; };
		CB3171DC78CE24F82352FFF4 /* Pods-CoordinatorExampleTests.release.xcconfig */ = {isa = PBXFileReference; includeInIndex = 1; lastKnownFileType = text.xcconfig; name = "Pods-CoordinatorExampleTests.release.xcconfig"; path = "Target Support Files/Pods-CoordinatorExampleTests/Pods-CoordinatorExampleTests.release.xcconfig"; sourceTree = "<group>"; };
		D7988433B3533AC7B24D76E9 /* Pods-CoordinatorExampleTests.debug.xcconfig */ = {isa = PBXFileReference; includeInIndex = 1; lastKnownFileType = text.xcconfig; name = "Pods-CoordinatorExampleTests.debug.xcconfig"; path = "Target Support Files/Pods-CoordinatorExampleTests/Pods-CoordinatorExampleTests.debug.xcconfig"; sourceTree = "<group>"; };
		E2396A464946CD3166351739 /* Pods-CoordinatorExample.release.xcconfig */ = {isa = PBXFileReference; includeInIndex = 1; lastKnownFileType = text.xcconfig; name = "Pods-CoordinatorExample.release.xcconfig"; path = "Target Support Files/Pods-CoordinatorExample/Pods-CoordinatorExample.release.xcconfig"; sourceTree = "<group>"; };
/* End PBXFileReference section */

/* Begin PBXFrameworksBuildPhase section */
		746608F723326172005B3B49 /* Frameworks */ = {
			isa = PBXFrameworksBuildPhase;
			buildActionMask = 2147483647;
			files = (
				37F92FAB175BD9036D461D0D /* Pods_CoordinatorExample.framework in Frameworks */,
				BC59679E283B214C003239E2 /* Common in Frameworks */,
			);
			runOnlyForDeploymentPostprocessing = 0;
		};
		7466090B23326173005B3B49 /* Frameworks */ = {
			isa = PBXFrameworksBuildPhase;
			buildActionMask = 2147483647;
			files = (
				8864480AFA4FE1E8D28FD935 /* Pods_CoordinatorExampleTests.framework in Frameworks */,
			);
			runOnlyForDeploymentPostprocessing = 0;
		};
		BC5859562835C8EE001BFD27 /* Frameworks */ = {
			isa = PBXFrameworksBuildPhase;
			buildActionMask = 2147483647;
			files = (
			);
			runOnlyForDeploymentPostprocessing = 0;
		};
/* End PBXFrameworksBuildPhase section */

/* Begin PBXGroup section */
		746608F123326172005B3B49 = {
			isa = PBXGroup;
			children = (
				746608FC23326172005B3B49 /* CoordinatorExample */,
				7466091123326173005B3B49 /* CoordinatorExampleTests */,
				746608FB23326172005B3B49 /* Products */,
				F739546808F3D860B387B433 /* Pods */,
				E08936FE79DBDA61FF6D9DD8 /* Frameworks */,
			);
			sourceTree = "<group>";
		};
		746608FB23326172005B3B49 /* Products */ = {
			isa = PBXGroup;
			children = (
				746608FA23326172005B3B49 /* CoordinatorExample.app */,
				7466090E23326173005B3B49 /* CoordinatorExampleTests.xctest */,
				BC5859592835C8EE001BFD27 /* CommonTests.xctest */,
			);
			name = Products;
			sourceTree = "<group>";
		};
		746608FC23326172005B3B49 /* CoordinatorExample */ = {
			isa = PBXGroup;
			children = (
				BC59679C283B211B003239E2 /* Common */,
				BC596797283B19B3003239E2 /* Application */,
				BC5859462835C835001BFD27 /* Main */,
				BC43082B28373D1A0020C43D /* Detail */,
				7466090423326173005B3B49 /* Assets.xcassets */,
				7466090623326173005B3B49 /* LaunchScreen.storyboard */,
				7466090923326173005B3B49 /* Info.plist */,
			);
			path = CoordinatorExample;
			sourceTree = "<group>";
		};
		7466091123326173005B3B49 /* CoordinatorExampleTests */ = {
			isa = PBXGroup;
			children = (
				7466091223326173005B3B49 /* CoordinatorExample+Tests.swift */,
				7466091423326173005B3B49 /* Info.plist */,
			);
			path = CoordinatorExampleTests;
			sourceTree = "<group>";
		};
		7466092B2332624B005B3B49 /* FlowComponent */ = {
			isa = PBXGroup;
			children = (
				BC58597E28363F2A001BFD27 /* Coordinator */,
				7466092C2332624B005B3B49 /* DependenciesFactory */,
			);
			path = FlowComponent;
			sourceTree = "<group>";
		};
		7466092C2332624B005B3B49 /* DependenciesFactory */ = {
			isa = PBXGroup;
			children = (
				BCEEE3B7283734A300104AEE /* MasterDependenciesFactory.swift */,
				7466092E2332624B005B3B49 /* MasterDependenciesFactoryImp.swift */,
			);
			path = DependenciesFactory;
			sourceTree = "<group>";
		};
		746609342332624B005B3B49 /* Scene */ = {
			isa = PBXGroup;
			children = (
				BC59679F283B70D0003239E2 /* Views */,
				746609392332624B005B3B49 /* MasterViewModel.swift */,
				7466093A2332624B005B3B49 /* MasterViewController.swift */,
			);
			path = Scene;
			sourceTree = "<group>";
		};
		746609352332624B005B3B49 /* Scene */ = {
			isa = PBXGroup;
			children = (
				746609362332624B005B3B49 /* DetailViewController.swift */,
				BC43082928373C5F0020C43D /* DetailViewModel.swift */,
			);
			path = Scene;
			sourceTree = "<group>";
		};
		BC43082B28373D1A0020C43D /* Detail */ = {
			isa = PBXGroup;
			children = (
				BC43082C28373E720020C43D /* FlowComponent */,
				746609352332624B005B3B49 /* Scene */,
			);
			path = Detail;
			sourceTree = "<group>";
		};
		BC43082C28373E720020C43D /* FlowComponent */ = {
			isa = PBXGroup;
			children = (
				BC43083128373E8C0020C43D /* Coordinator */,
				BC43082D28373E790020C43D /* DependenciesFactory */,
			);
			path = FlowComponent;
			sourceTree = "<group>";
		};
		BC43082D28373E790020C43D /* DependenciesFactory */ = {
			isa = PBXGroup;
			children = (
				BC43082F28373E8A0020C43D /* DetailDependenciesFactory.swift */,
				BC43083A2837413A0020C43D /* DetailDependenciesFactoryImp.swift */,
			);
			path = DependenciesFactory;
			sourceTree = "<group>";
		};
		BC43083128373E8C0020C43D /* Coordinator */ = {
			isa = PBXGroup;
			children = (
				BC43083828373FEE0020C43D /* DetailCoordinatorable.swift */,
				BC43083E283753AB0020C43D /* DetailCoordinatorImp.swift */,
				BC43083428373EDE0020C43D /* DetailRouting.swift */,
			);
			path = Coordinator;
			sourceTree = "<group>";
		};
		BC5859462835C835001BFD27 /* Main */ = {
			isa = PBXGroup;
			children = (
				7466092B2332624B005B3B49 /* FlowComponent */,
				746609342332624B005B3B49 /* Scene */,
			);
			path = Main;
			sourceTree = "<group>";
		};
		BC58597E28363F2A001BFD27 /* Coordinator */ = {
			isa = PBXGroup;
			children = (
				746609302332624B005B3B49 /* MasterCoordinatorable.swift */,
				7466092F2332624B005B3B49 /* MasterCoordinatorImp.swift */,
				746609322332624B005B3B49 /* MasterRouting.swift */,
			);
			path = Coordinator;
			sourceTree = "<group>";
		};
		BC596797283B19B3003239E2 /* Application */ = {
			isa = PBXGroup;
			children = (
				746608FD23326172005B3B49 /* AppDelegate.swift */,
				BC596798283B19C5003239E2 /* AppRootCoordinator.swift */,
			);
			path = Application;
			sourceTree = "<group>";
		};
		BC59679F283B70D0003239E2 /* Views */ = {
			isa = PBXGroup;
			children = (
				BC5967A0283B70D6003239E2 /* SomeView.swift */,
				BC5967A2283C67D5003239E2 /* SomeViewModel.swift */,
			);
			path = Views;
			sourceTree = "<group>";
		};
		E08936FE79DBDA61FF6D9DD8 /* Frameworks */ = {
			isa = PBXGroup;
			children = (
				C4A141C4C56D13E78AB467AC /* Pods_CoordinatorExample.framework */,
				BD9B972CC479A41B04F36E7D /* Pods_CoordinatorExampleTests.framework */,
			);
			name = Frameworks;
			sourceTree = "<group>";
		};
		F739546808F3D860B387B433 /* Pods */ = {
			isa = PBXGroup;
			children = (
				9842C53255EF0E74F21F728F /* Pods-CoordinatorExample.debug.xcconfig */,
				E2396A464946CD3166351739 /* Pods-CoordinatorExample.release.xcconfig */,
				D7988433B3533AC7B24D76E9 /* Pods-CoordinatorExampleTests.debug.xcconfig */,
				CB3171DC78CE24F82352FFF4 /* Pods-CoordinatorExampleTests.release.xcconfig */,
			);
			path = Pods;
			sourceTree = "<group>";
		};
/* End PBXGroup section */

/* Begin PBXNativeTarget section */
		746608F923326172005B3B49 /* CoordinatorExample */ = {
			isa = PBXNativeTarget;
			buildConfigurationList = 7466092223326173005B3B49 /* Build configuration list for PBXNativeTarget "CoordinatorExample" */;
			buildPhases = (
				6791D4C4B21F100B9E31EA6E /* [CP] Check Pods Manifest.lock */,
				746608F623326172005B3B49 /* Sources */,
				746608F723326172005B3B49 /* Frameworks */,
				746608F823326172005B3B49 /* Resources */,
				0DBD32056756523DF9B4449A /* [CP] Embed Pods Frameworks */,
				BC58596A2835C8EF001BFD27 /* Embed Frameworks */,
			);
			buildRules = (
			);
			dependencies = (
			);
			name = CoordinatorExample;
			packageProductDependencies = (
				BC59679D283B214C003239E2 /* Common */,
			);
			productName = CoordinatorExample;
			productReference = 746608FA23326172005B3B49 /* CoordinatorExample.app */;
			productType = "com.apple.product-type.application";
		};
		7466090D23326173005B3B49 /* CoordinatorExampleTests */ = {
			isa = PBXNativeTarget;
			buildConfigurationList = 7466092523326173005B3B49 /* Build configuration list for PBXNativeTarget "CoordinatorExampleTests" */;
			buildPhases = (
				238A05A745CD1B730341534B /* [CP] Check Pods Manifest.lock */,
				7466090A23326173005B3B49 /* Sources */,
				7466090B23326173005B3B49 /* Frameworks */,
				7466090C23326173005B3B49 /* Resources */,
				38F5AED8F962F8491507DD5E /* [CP] Embed Pods Frameworks */,
			);
			buildRules = (
			);
			dependencies = (
				7466091023326173005B3B49 /* PBXTargetDependency */,
			);
			name = CoordinatorExampleTests;
			productName = CoordinatorExampleTests;
			productReference = 7466090E23326173005B3B49 /* CoordinatorExampleTests.xctest */;
			productType = "com.apple.product-type.bundle.unit-test";
		};
		BC5859582835C8EE001BFD27 /* CommonTests */ = {
			isa = PBXNativeTarget;
			buildConfigurationList = BC58596B2835C8EF001BFD27 /* Build configuration list for PBXNativeTarget "CommonTests" */;
			buildPhases = (
				BC5859552835C8EE001BFD27 /* Sources */,
				BC5859562835C8EE001BFD27 /* Frameworks */,
				BC5859572835C8EE001BFD27 /* Resources */,
			);
			buildRules = (
			);
			dependencies = (
				BC58595E2835C8EE001BFD27 /* PBXTargetDependency */,
			);
			name = CommonTests;
			productName = CommonTests;
			productReference = BC5859592835C8EE001BFD27 /* CommonTests.xctest */;
			productType = "com.apple.product-type.bundle.unit-test";
		};
/* End PBXNativeTarget section */

/* Begin PBXProject section */
		746608F223326172005B3B49 /* Project object */ = {
			isa = PBXProject;
			attributes = {
				LastSwiftUpdateCheck = 1330;
				LastUpgradeCheck = 1030;
				ORGANIZATIONNAME = "William Pompei";
				TargetAttributes = {
					746608F923326172005B3B49 = {
						CreatedOnToolsVersion = 10.3;
					};
					7466090D23326173005B3B49 = {
						CreatedOnToolsVersion = 10.3;
						TestTargetID = 746608F923326172005B3B49;
					};
					BC5859582835C8EE001BFD27 = {
						CreatedOnToolsVersion = 13.3;
						TestTargetID = 746608F923326172005B3B49;
					};
				};
			};
			buildConfigurationList = 746608F523326172005B3B49 /* Build configuration list for PBXProject "CoordinatorExample" */;
			compatibilityVersion = "Xcode 9.3";
			developmentRegion = en;
			hasScannedForEncodings = 0;
			knownRegions = (
				en,
				Base,
			);
			mainGroup = 746608F123326172005B3B49;
			productRefGroup = 746608FB23326172005B3B49 /* Products */;
			projectDirPath = "";
			projectRoot = "";
			targets = (
				746608F923326172005B3B49 /* CoordinatorExample */,
				7466090D23326173005B3B49 /* CoordinatorExampleTests */,
				BC5859582835C8EE001BFD27 /* CommonTests */,
			);
		};
/* End PBXProject section */

/* Begin PBXResourcesBuildPhase section */
		746608F823326172005B3B49 /* Resources */ = {
			isa = PBXResourcesBuildPhase;
			buildActionMask = 2147483647;
			files = (
				7466090823326173005B3B49 /* LaunchScreen.storyboard in Resources */,
				7466090523326173005B3B49 /* Assets.xcassets in Resources */,
			);
			runOnlyForDeploymentPostprocessing = 0;
		};
		7466090C23326173005B3B49 /* Resources */ = {
			isa = PBXResourcesBuildPhase;
			buildActionMask = 2147483647;
			files = (
			);
			runOnlyForDeploymentPostprocessing = 0;
		};
		BC5859572835C8EE001BFD27 /* Resources */ = {
			isa = PBXResourcesBuildPhase;
			buildActionMask = 2147483647;
			files = (
			);
			runOnlyForDeploymentPostprocessing = 0;
		};
/* End PBXResourcesBuildPhase section */

/* Begin PBXShellScriptBuildPhase section */
		0DBD32056756523DF9B4449A /* [CP] Embed Pods Frameworks */ = {
			isa = PBXShellScriptBuildPhase;
			buildActionMask = 2147483647;
			files = (
			);
			inputFileListPaths = (
				"${PODS_ROOT}/Target Support Files/Pods-CoordinatorExample/Pods-CoordinatorExample-frameworks-${CONFIGURATION}-input-files.xcfilelist",
			);
			name = "[CP] Embed Pods Frameworks";
			outputFileListPaths = (
				"${PODS_ROOT}/Target Support Files/Pods-CoordinatorExample/Pods-CoordinatorExample-frameworks-${CONFIGURATION}-output-files.xcfilelist",
			);
			runOnlyForDeploymentPostprocessing = 0;
			shellPath = /bin/sh;
			shellScript = "\"${PODS_ROOT}/Target Support Files/Pods-CoordinatorExample/Pods-CoordinatorExample-frameworks.sh\"\n";
			showEnvVarsInLog = 0;
		};
		238A05A745CD1B730341534B /* [CP] Check Pods Manifest.lock */ = {
			isa = PBXShellScriptBuildPhase;
			buildActionMask = 2147483647;
			files = (
			);
			inputFileListPaths = (
			);
			inputPaths = (
				"${PODS_PODFILE_DIR_PATH}/Podfile.lock",
				"${PODS_ROOT}/Manifest.lock",
			);
			name = "[CP] Check Pods Manifest.lock";
			outputFileListPaths = (
			);
			outputPaths = (
				"$(DERIVED_FILE_DIR)/Pods-CoordinatorExampleTests-checkManifestLockResult.txt",
			);
			runOnlyForDeploymentPostprocessing = 0;
			shellPath = /bin/sh;
			shellScript = "diff \"${PODS_PODFILE_DIR_PATH}/Podfile.lock\" \"${PODS_ROOT}/Manifest.lock\" > /dev/null\nif [ $? != 0 ] ; then\n    # print error to STDERR\n    echo \"error: The sandbox is not in sync with the Podfile.lock. Run 'pod install' or update your CocoaPods installation.\" >&2\n    exit 1\nfi\n# This output is used by Xcode 'outputs' to avoid re-running this script phase.\necho \"SUCCESS\" > \"${SCRIPT_OUTPUT_FILE_0}\"\n";
			showEnvVarsInLog = 0;
		};
		38F5AED8F962F8491507DD5E /* [CP] Embed Pods Frameworks */ = {
			isa = PBXShellScriptBuildPhase;
			buildActionMask = 2147483647;
			files = (
			);
			inputFileListPaths = (
				"${PODS_ROOT}/Target Support Files/Pods-CoordinatorExampleTests/Pods-CoordinatorExampleTests-frameworks-${CONFIGURATION}-input-files.xcfilelist",
			);
			name = "[CP] Embed Pods Frameworks";
			outputFileListPaths = (
				"${PODS_ROOT}/Target Support Files/Pods-CoordinatorExampleTests/Pods-CoordinatorExampleTests-frameworks-${CONFIGURATION}-output-files.xcfilelist",
			);
			runOnlyForDeploymentPostprocessing = 0;
			shellPath = /bin/sh;
			shellScript = "\"${PODS_ROOT}/Target Support Files/Pods-CoordinatorExampleTests/Pods-CoordinatorExampleTests-frameworks.sh\"\n";
			showEnvVarsInLog = 0;
		};
		6791D4C4B21F100B9E31EA6E /* [CP] Check Pods Manifest.lock */ = {
			isa = PBXShellScriptBuildPhase;
			buildActionMask = 2147483647;
			files = (
			);
			inputFileListPaths = (
			);
			inputPaths = (
				"${PODS_PODFILE_DIR_PATH}/Podfile.lock",
				"${PODS_ROOT}/Manifest.lock",
			);
			name = "[CP] Check Pods Manifest.lock";
			outputFileListPaths = (
			);
			outputPaths = (
				"$(DERIVED_FILE_DIR)/Pods-CoordinatorExample-checkManifestLockResult.txt",
			);
			runOnlyForDeploymentPostprocessing = 0;
			shellPath = /bin/sh;
			shellScript = "diff \"${PODS_PODFILE_DIR_PATH}/Podfile.lock\" \"${PODS_ROOT}/Manifest.lock\" > /dev/null\nif [ $? != 0 ] ; then\n    # print error to STDERR\n    echo \"error: The sandbox is not in sync with the Podfile.lock. Run 'pod install' or update your CocoaPods installation.\" >&2\n    exit 1\nfi\n# This output is used by Xcode 'outputs' to avoid re-running this script phase.\necho \"SUCCESS\" > \"${SCRIPT_OUTPUT_FILE_0}\"\n";
			showEnvVarsInLog = 0;
		};
/* End PBXShellScriptBuildPhase section */

/* Begin PBXSourcesBuildPhase section */
		746608F623326172005B3B49 /* Sources */ = {
			isa = PBXSourcesBuildPhase;
			buildActionMask = 2147483647;
			files = (
				746609442332624B005B3B49 /* MasterViewModel.swift in Sources */,
				746609422332624B005B3B49 /* DetailViewController.swift in Sources */,
				BC5967A3283C67D5003239E2 /* SomeViewModel.swift in Sources */,
				BC43083528373EDE0020C43D /* DetailRouting.swift in Sources */,
				BCEEE3B8283734A300104AEE /* MasterDependenciesFactory.swift in Sources */,
				BC43083028373E8A0020C43D /* DetailDependenciesFactory.swift in Sources */,
				746609452332624B005B3B49 /* MasterViewController.swift in Sources */,
				746609402332624B005B3B49 /* MasterRouting.swift in Sources */,
				7466093F2332624B005B3B49 /* MasterCoordinatorable.swift in Sources */,
				BC596799283B19C5003239E2 /* AppRootCoordinator.swift in Sources */,
				BC43083F283753AB0020C43D /* DetailCoordinatorImp.swift in Sources */,
				BC43083B2837413A0020C43D /* DetailDependenciesFactoryImp.swift in Sources */,
				7466093D2332624B005B3B49 /* MasterDependenciesFactoryImp.swift in Sources */,
				BC43082A28373C5F0020C43D /* DetailViewModel.swift in Sources */,
				BC5967A1283B70D6003239E2 /* SomeView.swift in Sources */,
				7466093E2332624B005B3B49 /* MasterCoordinatorImp.swift in Sources */,
				746608FE23326172005B3B49 /* AppDelegate.swift in Sources */,
				BC43083928373FEE0020C43D /* DetailCoordinatorable.swift in Sources */,
			);
			runOnlyForDeploymentPostprocessing = 0;
		};
		7466090A23326173005B3B49 /* Sources */ = {
			isa = PBXSourcesBuildPhase;
			buildActionMask = 2147483647;
			files = (
				7466091323326173005B3B49 /* CoordinatorExample+Tests.swift in Sources */,
			);
			runOnlyForDeploymentPostprocessing = 0;
		};
		BC5859552835C8EE001BFD27 /* Sources */ = {
			isa = PBXSourcesBuildPhase;
			buildActionMask = 2147483647;
			files = (
			);
			runOnlyForDeploymentPostprocessing = 0;
		};
/* End PBXSourcesBuildPhase section */

/* Begin PBXTargetDependency section */
		7466091023326173005B3B49 /* PBXTargetDependency */ = {
			isa = PBXTargetDependency;
			target = 746608F923326172005B3B49 /* CoordinatorExample */;
			targetProxy = 7466090F23326173005B3B49 /* PBXContainerItemProxy */;
		};
		BC58595E2835C8EE001BFD27 /* PBXTargetDependency */ = {
			isa = PBXTargetDependency;
			target = 746608F923326172005B3B49 /* CoordinatorExample */;
			targetProxy = BC58595D2835C8EE001BFD27 /* PBXContainerItemProxy */;
		};
/* End PBXTargetDependency section */

/* Begin PBXVariantGroup section */
		7466090623326173005B3B49 /* LaunchScreen.storyboard */ = {
			isa = PBXVariantGroup;
			children = (
				7466090723326173005B3B49 /* Base */,
			);
			name = LaunchScreen.storyboard;
			sourceTree = "<group>";
		};
/* End PBXVariantGroup section */

/* Begin XCBuildConfiguration section */
		7466092023326173005B3B49 /* Debug */ = {
			isa = XCBuildConfiguration;
			buildSettings = {
				ALWAYS_SEARCH_USER_PATHS = NO;
				CLANG_ANALYZER_NONNULL = YES;
				CLANG_ANALYZER_NUMBER_OBJECT_CONVERSION = YES_AGGRESSIVE;
				CLANG_CXX_LANGUAGE_STANDARD = "gnu++14";
				CLANG_CXX_LIBRARY = "libc++";
				CLANG_ENABLE_MODULES = YES;
				CLANG_ENABLE_OBJC_ARC = YES;
				CLANG_ENABLE_OBJC_WEAK = YES;
				CLANG_WARN_BLOCK_CAPTURE_AUTORELEASING = YES;
				CLANG_WARN_BOOL_CONVERSION = YES;
				CLANG_WARN_COMMA = YES;
				CLANG_WARN_CONSTANT_CONVERSION = YES;
				CLANG_WARN_DEPRECATED_OBJC_IMPLEMENTATIONS = YES;
				CLANG_WARN_DIRECT_OBJC_ISA_USAGE = YES_ERROR;
				CLANG_WARN_DOCUMENTATION_COMMENTS = YES;
				CLANG_WARN_EMPTY_BODY = YES;
				CLANG_WARN_ENUM_CONVERSION = YES;
				CLANG_WARN_INFINITE_RECURSION = YES;
				CLANG_WARN_INT_CONVERSION = YES;
				CLANG_WARN_NON_LITERAL_NULL_CONVERSION = YES;
				CLANG_WARN_OBJC_IMPLICIT_RETAIN_SELF = YES;
				CLANG_WARN_OBJC_LITERAL_CONVERSION = YES;
				CLANG_WARN_OBJC_ROOT_CLASS = YES_ERROR;
				CLANG_WARN_RANGE_LOOP_ANALYSIS = YES;
				CLANG_WARN_STRICT_PROTOTYPES = YES;
				CLANG_WARN_SUSPICIOUS_MOVE = YES;
				CLANG_WARN_UNGUARDED_AVAILABILITY = YES_AGGRESSIVE;
				CLANG_WARN_UNREACHABLE_CODE = YES;
				CLANG_WARN__DUPLICATE_METHOD_MATCH = YES;
				CODE_SIGN_IDENTITY = "iPhone Developer";
				COPY_PHASE_STRIP = NO;
				DEBUG_INFORMATION_FORMAT = dwarf;
				ENABLE_STRICT_OBJC_MSGSEND = YES;
				ENABLE_TESTABILITY = YES;
				GCC_C_LANGUAGE_STANDARD = gnu11;
				GCC_DYNAMIC_NO_PIC = NO;
				GCC_NO_COMMON_BLOCKS = YES;
				GCC_OPTIMIZATION_LEVEL = 0;
				GCC_PREPROCESSOR_DEFINITIONS = (
					"DEBUG=1",
					"$(inherited)",
				);
				GCC_WARN_64_TO_32_BIT_CONVERSION = YES;
				GCC_WARN_ABOUT_RETURN_TYPE = YES_ERROR;
				GCC_WARN_UNDECLARED_SELECTOR = YES;
				GCC_WARN_UNINITIALIZED_AUTOS = YES_AGGRESSIVE;
				GCC_WARN_UNUSED_FUNCTION = YES;
				GCC_WARN_UNUSED_VARIABLE = YES;
				IPHONEOS_DEPLOYMENT_TARGET = 12.4;
				MTL_ENABLE_DEBUG_INFO = INCLUDE_SOURCE;
				MTL_FAST_MATH = YES;
				ONLY_ACTIVE_ARCH = YES;
				SDKROOT = iphoneos;
				SWIFT_ACTIVE_COMPILATION_CONDITIONS = DEBUG;
				SWIFT_OPTIMIZATION_LEVEL = "-Onone";
			};
			name = Debug;
		};
		7466092123326173005B3B49 /* Release */ = {
			isa = XCBuildConfiguration;
			buildSettings = {
				ALWAYS_SEARCH_USER_PATHS = NO;
				CLANG_ANALYZER_NONNULL = YES;
				CLANG_ANALYZER_NUMBER_OBJECT_CONVERSION = YES_AGGRESSIVE;
				CLANG_CXX_LANGUAGE_STANDARD = "gnu++14";
				CLANG_CXX_LIBRARY = "libc++";
				CLANG_ENABLE_MODULES = YES;
				CLANG_ENABLE_OBJC_ARC = YES;
				CLANG_ENABLE_OBJC_WEAK = YES;
				CLANG_WARN_BLOCK_CAPTURE_AUTORELEASING = YES;
				CLANG_WARN_BOOL_CONVERSION = YES;
				CLANG_WARN_COMMA = YES;
				CLANG_WARN_CONSTANT_CONVERSION = YES;
				CLANG_WARN_DEPRECATED_OBJC_IMPLEMENTATIONS = YES;
				CLANG_WARN_DIRECT_OBJC_ISA_USAGE = YES_ERROR;
				CLANG_WARN_DOCUMENTATION_COMMENTS = YES;
				CLANG_WARN_EMPTY_BODY = YES;
				CLANG_WARN_ENUM_CONVERSION = YES;
				CLANG_WARN_INFINITE_RECURSION = YES;
				CLANG_WARN_INT_CONVERSION = YES;
				CLANG_WARN_NON_LITERAL_NULL_CONVERSION = YES;
				CLANG_WARN_OBJC_IMPLICIT_RETAIN_SELF = YES;
				CLANG_WARN_OBJC_LITERAL_CONVERSION = YES;
				CLANG_WARN_OBJC_ROOT_CLASS = YES_ERROR;
				CLANG_WARN_RANGE_LOOP_ANALYSIS = YES;
				CLANG_WARN_STRICT_PROTOTYPES = YES;
				CLANG_WARN_SUSPICIOUS_MOVE = YES;
				CLANG_WARN_UNGUARDED_AVAILABILITY = YES_AGGRESSIVE;
				CLANG_WARN_UNREACHABLE_CODE = YES;
				CLANG_WARN__DUPLICATE_METHOD_MATCH = YES;
				CODE_SIGN_IDENTITY = "iPhone Developer";
				COPY_PHASE_STRIP = NO;
				DEBUG_INFORMATION_FORMAT = "dwarf-with-dsym";
				ENABLE_NS_ASSERTIONS = NO;
				ENABLE_STRICT_OBJC_MSGSEND = YES;
				GCC_C_LANGUAGE_STANDARD = gnu11;
				GCC_NO_COMMON_BLOCKS = YES;
				GCC_WARN_64_TO_32_BIT_CONVERSION = YES;
				GCC_WARN_ABOUT_RETURN_TYPE = YES_ERROR;
				GCC_WARN_UNDECLARED_SELECTOR = YES;
				GCC_WARN_UNINITIALIZED_AUTOS = YES_AGGRESSIVE;
				GCC_WARN_UNUSED_FUNCTION = YES;
				GCC_WARN_UNUSED_VARIABLE = YES;
				IPHONEOS_DEPLOYMENT_TARGET = 12.4;
				MTL_ENABLE_DEBUG_INFO = NO;
				MTL_FAST_MATH = YES;
				SDKROOT = iphoneos;
				SWIFT_COMPILATION_MODE = wholemodule;
				SWIFT_OPTIMIZATION_LEVEL = "-O";
				VALIDATE_PRODUCT = YES;
			};
			name = Release;
		};
		7466092323326173005B3B49 /* Debug */ = {
			isa = XCBuildConfiguration;
			baseConfigurationReference = 9842C53255EF0E74F21F728F /* Pods-CoordinatorExample.debug.xcconfig */;
			buildSettings = {
				ASSETCATALOG_COMPILER_APPICON_NAME = AppIcon;
				CODE_SIGN_STYLE = Automatic;
				DEVELOPMENT_TEAM = B5QW9XW7YB;
				INFOPLIST_FILE = CoordinatorExample/Info.plist;
				LD_RUNPATH_SEARCH_PATHS = (
					"$(inherited)",
					"@executable_path/Frameworks",
				);
				PRODUCT_BUNDLE_IDENTIFIER = com.notsoux.CoordinatorExample;
				PRODUCT_NAME = "$(TARGET_NAME)";
				SWIFT_VERSION = 5.0;
				TARGETED_DEVICE_FAMILY = "1,2";
			};
			name = Debug;
		};
		7466092423326173005B3B49 /* Release */ = {
			isa = XCBuildConfiguration;
			baseConfigurationReference = E2396A464946CD3166351739 /* Pods-CoordinatorExample.release.xcconfig */;
			buildSettings = {
				ASSETCATALOG_COMPILER_APPICON_NAME = AppIcon;
				CODE_SIGN_STYLE = Automatic;
				DEVELOPMENT_TEAM = B5QW9XW7YB;
				INFOPLIST_FILE = CoordinatorExample/Info.plist;
				LD_RUNPATH_SEARCH_PATHS = (
					"$(inherited)",
					"@executable_path/Frameworks",
				);
				PRODUCT_BUNDLE_IDENTIFIER = com.notsoux.CoordinatorExample;
				PRODUCT_NAME = "$(TARGET_NAME)";
				SWIFT_VERSION = 5.0;
				TARGETED_DEVICE_FAMILY = "1,2";
			};
			name = Release;
		};
		7466092623326173005B3B49 /* Debug */ = {
			isa = XCBuildConfiguration;
			baseConfigurationReference = D7988433B3533AC7B24D76E9 /* Pods-CoordinatorExampleTests.debug.xcconfig */;
			buildSettings = {
				ALWAYS_EMBED_SWIFT_STANDARD_LIBRARIES = YES;
				BUNDLE_LOADER = "$(TEST_HOST)";
				CODE_SIGN_STYLE = Automatic;
				DEVELOPMENT_TEAM = B5QW9XW7YB;
				INFOPLIST_FILE = CoordinatorExampleTests/Info.plist;
				LD_RUNPATH_SEARCH_PATHS = (
					"$(inherited)",
					"@executable_path/Frameworks",
					"@loader_path/Frameworks",
				);
				PRODUCT_BUNDLE_IDENTIFIER = com.notsoux.CoordinatorExampleTests;
				PRODUCT_NAME = "$(TARGET_NAME)";
				SWIFT_VERSION = 5.0;
				TARGETED_DEVICE_FAMILY = "1,2";
				TEST_HOST = "$(BUILT_PRODUCTS_DIR)/CoordinatorExample.app/CoordinatorExample";
			};
			name = Debug;
		};
		7466092723326173005B3B49 /* Release */ = {
			isa = XCBuildConfiguration;
			baseConfigurationReference = CB3171DC78CE24F82352FFF4 /* Pods-CoordinatorExampleTests.release.xcconfig */;
			buildSettings = {
				ALWAYS_EMBED_SWIFT_STANDARD_LIBRARIES = YES;
				BUNDLE_LOADER = "$(TEST_HOST)";
				CODE_SIGN_STYLE = Automatic;
				DEVELOPMENT_TEAM = B5QW9XW7YB;
				INFOPLIST_FILE = CoordinatorExampleTests/Info.plist;
				LD_RUNPATH_SEARCH_PATHS = (
					"$(inherited)",
					"@executable_path/Frameworks",
					"@loader_path/Frameworks",
				);
				PRODUCT_BUNDLE_IDENTIFIER = com.notsoux.CoordinatorExampleTests;
				PRODUCT_NAME = "$(TARGET_NAME)";
				SWIFT_VERSION = 5.0;
				TARGETED_DEVICE_FAMILY = "1,2";
				TEST_HOST = "$(BUILT_PRODUCTS_DIR)/CoordinatorExample.app/CoordinatorExample";
			};
			name = Release;
		};
		BC58596C2835C8EF001BFD27 /* Debug */ = {
			isa = XCBuildConfiguration;
			buildSettings = {
				ALWAYS_EMBED_SWIFT_STANDARD_LIBRARIES = YES;
				CLANG_CXX_LANGUAGE_STANDARD = "gnu++17";
				CLANG_WARN_QUOTED_INCLUDE_IN_FRAMEWORK_HEADER = YES;
				CODE_SIGN_STYLE = Automatic;
				CURRENT_PROJECT_VERSION = 1;
				DEVELOPMENT_TEAM = DHZN2V543Y;
				GENERATE_INFOPLIST_FILE = YES;
				IPHONEOS_DEPLOYMENT_TARGET = 15.4;
				MARKETING_VERSION = 1.0;
				PRODUCT_BUNDLE_IDENTIFIER = devming.CommonTests;
				PRODUCT_NAME = "$(TARGET_NAME)";
				SWIFT_EMIT_LOC_STRINGS = NO;
				SWIFT_VERSION = 5.0;
				TARGETED_DEVICE_FAMILY = "1,2";
				TEST_HOST = "$(BUILT_PRODUCTS_DIR)/CoordinatorExample.app/CoordinatorExample";
			};
			name = Debug;
		};
		BC58596D2835C8EF001BFD27 /* Release */ = {
			isa = XCBuildConfiguration;
			buildSettings = {
				ALWAYS_EMBED_SWIFT_STANDARD_LIBRARIES = YES;
				CLANG_CXX_LANGUAGE_STANDARD = "gnu++17";
				CLANG_WARN_QUOTED_INCLUDE_IN_FRAMEWORK_HEADER = YES;
				CODE_SIGN_STYLE = Automatic;
				CURRENT_PROJECT_VERSION = 1;
				DEVELOPMENT_TEAM = DHZN2V543Y;
				GENERATE_INFOPLIST_FILE = YES;
				IPHONEOS_DEPLOYMENT_TARGET = 15.4;
				MARKETING_VERSION = 1.0;
				PRODUCT_BUNDLE_IDENTIFIER = devming.CommonTests;
				PRODUCT_NAME = "$(TARGET_NAME)";
				SWIFT_EMIT_LOC_STRINGS = NO;
				SWIFT_VERSION = 5.0;
				TARGETED_DEVICE_FAMILY = "1,2";
				TEST_HOST = "$(BUILT_PRODUCTS_DIR)/CoordinatorExample.app/CoordinatorExample";
			};
			name = Release;
		};
/* End XCBuildConfiguration section */

/* Begin XCConfigurationList section */
		746608F523326172005B3B49 /* Build configuration list for PBXProject "CoordinatorExample" */ = {
			isa = XCConfigurationList;
			buildConfigurations = (
				7466092023326173005B3B49 /* Debug */,
				7466092123326173005B3B49 /* Release */,
			);
			defaultConfigurationIsVisible = 0;
			defaultConfigurationName = Release;
		};
		7466092223326173005B3B49 /* Build configuration list for PBXNativeTarget "CoordinatorExample" */ = {
			isa = XCConfigurationList;
			buildConfigurations = (
				7466092323326173005B3B49 /* Debug */,
				7466092423326173005B3B49 /* Release */,
			);
			defaultConfigurationIsVisible = 0;
			defaultConfigurationName = Release;
		};
		7466092523326173005B3B49 /* Build configuration list for PBXNativeTarget "CoordinatorExampleTests" */ = {
			isa = XCConfigurationList;
			buildConfigurations = (
				7466092623326173005B3B49 /* Debug */,
				7466092723326173005B3B49 /* Release */,
			);
			defaultConfigurationIsVisible = 0;
			defaultConfigurationName = Release;
		};
		BC58596B2835C8EF001BFD27 /* Build configuration list for PBXNativeTarget "CommonTests" */ = {
			isa = XCConfigurationList;
			buildConfigurations = (
				BC58596C2835C8EF001BFD27 /* Debug */,
				BC58596D2835C8EF001BFD27 /* Release */,
			);
			defaultConfigurationIsVisible = 0;
			defaultConfigurationName = Release;
		};
/* End XCConfigurationList section */

/* Begin XCSwiftPackageProductDependency section */
		BC59679D283B214C003239E2 /* Common */ = {
			isa = XCSwiftPackageProductDependency;
			productName = Common;
		};
/* End XCSwiftPackageProductDependency section */
	};
	rootObject = 746608F223326172005B3B49 /* Project object */;
}
